
Microsoft Visual Studio Solution File, Format Version 12.00
# Visual Studio Version 17
VisualStudioVersion = 17.5.33516.290
MinimumVisualStudioVersion = 10.0.40219.1
Project("{8BC9CEB8-8B4A-11D0-8D11-00A0C91BC942}") = "SandBox", "SandBox\SandBox.vcxproj", "{DD84EF2F-1ECF-4064-8601-724735259848}"
EndProject
Project("{8BC9CEB8-8B4A-11D0-8D11-00A0C91BC942}") = "Hazel", "Hazel\Hazel.vcxproj", "{2EC23E5D-F72D-48C6-93E7-85784082B2B7}"
EndProject
Global
	GlobalSection(SolutionConfigurationPlatforms) = preSolution
		Debug|x64 = Debug|x64
		Release|x64 = Release|x64
	EndGlobalSection
	GlobalSection(ProjectConfigurationPlatforms) = postSolution
		{2EC23E5D-F72D-48C6-93E7-85784082B2B7}.Debug|x64.ActiveCfg = Debug|x64
		{2EC23E5D-F72D-48C6-93E7-85784082B2B7}.Debug|x64.Build.0 = Debug|x64
		{2EC23E5D-F72D-48C6-93E7-85784082B2B7}.Release|x64.ActiveCfg = Release|x64
		{2EC23E5D-F72D-48C6-93E7-85784082B2B7}.Release|x64.Build.0 = Release|x64
		{DD84EF2F-1ECF-4064-8601-724735259848}.Debug|x64.ActiveCfg = Debug|x64
		{DD84EF2F-1ECF-4064-8601-724735259848}.Debug|x64.Build.0 = Debug|x64
		{DD84EF2F-1ECF-4064-8601-724735259848}.Release|x64.ActiveCfg = Release|x64
		{DD84EF2F-1ECF-4064-8601-724735259848}.Release|x64.Build.0 = Release|x64
	EndGlobalSection
	GlobalSection(SolutionProperties) = preSolution
		HideSolutionNode = FALSE
	EndGlobalSection
	GlobalSection(ExtensibilityGlobals) = postSolution
		SolutionGuid = {709E0051-E615-487B-A46A-D1E40C5849F3}
	EndGlobalSection
EndGlobal
